{
    "_readme": [
        "This file locks the dependencies of your project to a known state",
        "Read more about it at https://getcomposer.org/doc/01-basic-usage.md#installing-dependencies",
        "This file is @generated automatically"
    ],
    "content-hash": "8d40c51144c16f9aaeacd3fd9cb485b0",
    "packages": [
        {
            "name": "betop/digital-cep-php-composer",
            "version": "1.0.0",
            "source": {
                "type": "git",
                "url": "https://github.com/Pinalli/digital-cep-php-composer.git",
                "reference": "ac62d99b17b606b585b4314ca97d6c1497d200d9"
            },
            "dist": {
                "type": "zip",
                "url": "https://api.github.com/repos/Pinalli/digital-cep-php-composer/zipball/ac62d99b17b606b585b4314ca97d6c1497d200d9",
                "reference": "ac62d99b17b606b585b4314ca97d6c1497d200d9",
                "shasum": ""
            },
            "require": {
                "php": ">=7.2.0"
            },
            "type": "library",
            "autoload": {
                "psr-0": {
                    "Search": "src/"
                },
                "psr-4": {
                    "Search\\DigitalCep\\": "src/"
                }
            },
            "notification-url": "https://packagist.org/downloads/",
            "license": [
                "MIT"
            ],
            "authors": [
                {
                    "name": "Alberto Rocha Pinalli",
                    "email": "betopinalli@gmail.com"
                }
            ],
            "description": "Busca de CEP online",
            "support": {
                "issues": "https://github.com/Pinalli/digital-cep-php-composer/issues",
                "source": "https://github.com/Pinalli/digital-cep-php-composer/tree/1.0.0"
            },
            "time": "2022-07-14T14:27:15+00:00"
        }
    ],
    "packages-dev": [],
    "aliases": [],
    "minimum-stability": "stable",
    "stability-flags": [],
    "prefer-stable": false,
    "prefer-lowest": false,
    "platform": [],
    "platform-dev": [],
    "plugin-api-version": "2.3.0"
}
